
Microsoft Visual Studio Solution File, Format Version 12.00
# Visual Studio 2013
VisualStudioVersion = 12.0.40629.0
MinimumVisualStudioVersion = 10.0.40219.1
Project("{FAE04EC0-301F-11D3-BF4B-00C04F79EFBC}") = "Project", "Project\Project.csproj", "{2E8C93D3-5205-427F-9518-738A79DFE981}"
EndProject
Project("{E24C65DC-7377-472B-9ABA-BC803B73C61A}") = "http://localhost:8010", "http://localhost:8010", "{6423ED92-C107-4937-B605-AA0C9C232634}"
	ProjectSection(WebsiteProperties) = preProject
		UseIISExpress = "false"
		TargetFrameworkMoniker = ".NETFramework,Version%3Dv4.0"
		ProjectReferences = "{2e8c93d3-5205-427f-9518-738a79dfe981}|project.dll;"
		Debug.AspNetCompiler.VirtualPath = "/localhost_8010"
		Debug.AspNetCompiler.PhysicalPath = "DOWeb\"
		Debug.AspNetCompiler.TargetPath = "PrecompiledWeb\localhost_8010\"
		Debug.AspNetCompiler.Updateable = "true"
		Debug.AspNetCompiler.ForceOverwrite = "true"
		Debug.AspNetCompiler.FixedNames = "false"
		Debug.AspNetCompiler.Debug = "True"
		Release.AspNetCompiler.VirtualPath = "/localhost_8010"
		Release.AspNetCompiler.PhysicalPath = "DOWeb\"
		Release.AspNetCompiler.TargetPath = "PrecompiledWeb\localhost_8010\"
		Release.AspNetCompiler.Updateable = "true"
		Release.AspNetCompiler.ForceOverwrite = "true"
		Release.AspNetCompiler.FixedNames = "false"
		Release.AspNetCompiler.Debug = "False"
		SlnRelativePath = "DOWeb\"
	EndProjectSection
EndProject
Global
	GlobalSection(SolutionConfigurationPlatforms) = preSolution
		Debug|.NET = Debug|.NET
		Debug|Any CPU = Debug|Any CPU
		Debug|Mixed Platforms = Debug|Mixed Platforms
		Debug|x86 = Debug|x86
		Release|.NET = Release|.NET
		Release|Any CPU = Release|Any CPU
		Release|Mixed Platforms = Release|Mixed Platforms
		Release|x86 = Release|x86
	EndGlobalSection
	GlobalSection(ProjectConfigurationPlatforms) = postSolution
		{2E8C93D3-5205-427F-9518-738A79DFE981}.Debug|.NET.ActiveCfg = Debug|Any CPU
		{2E8C93D3-5205-427F-9518-738A79DFE981}.Debug|Any CPU.ActiveCfg = Debug|Any CPU
		{2E8C93D3-5205-427F-9518-738A79DFE981}.Debug|Any CPU.Build.0 = Debug|Any CPU
		{2E8C93D3-5205-427F-9518-738A79DFE981}.Debug|Mixed Platforms.ActiveCfg = Debug|Any CPU
		{2E8C93D3-5205-427F-9518-738A79DFE981}.Debug|Mixed Platforms.Build.0 = Debug|Any CPU
		{2E8C93D3-5205-427F-9518-738A79DFE981}.Debug|x86.ActiveCfg = Debug|Any CPU
		{2E8C93D3-5205-427F-9518-738A79DFE981}.Release|.NET.ActiveCfg = Release|Any CPU
		{2E8C93D3-5205-427F-9518-738A79DFE981}.Release|Any CPU.ActiveCfg = Release|Any CPU
		{2E8C93D3-5205-427F-9518-738A79DFE981}.Release|Any CPU.Build.0 = Release|Any CPU
		{2E8C93D3-5205-427F-9518-738A79DFE981}.Release|Mixed Platforms.ActiveCfg = Release|Any CPU
		{2E8C93D3-5205-427F-9518-738A79DFE981}.Release|Mixed Platforms.Build.0 = Release|Any CPU
		{2E8C93D3-5205-427F-9518-738A79DFE981}.Release|x86.ActiveCfg = Release|Any CPU
		{6423ED92-C107-4937-B605-AA0C9C232634}.Debug|.NET.ActiveCfg = Debug|Any CPU
		{6423ED92-C107-4937-B605-AA0C9C232634}.Debug|Any CPU.ActiveCfg = Debug|Any CPU
		{6423ED92-C107-4937-B605-AA0C9C232634}.Debug|Any CPU.Build.0 = Debug|Any CPU
		{6423ED92-C107-4937-B605-AA0C9C232634}.Debug|Mixed Platforms.ActiveCfg = Debug|Any CPU
		{6423ED92-C107-4937-B605-AA0C9C232634}.Debug|Mixed Platforms.Build.0 = Debug|Any CPU
		{6423ED92-C107-4937-B605-AA0C9C232634}.Debug|x86.ActiveCfg = Debug|Any CPU
		{6423ED92-C107-4937-B605-AA0C9C232634}.Release|.NET.ActiveCfg = Debug|Any CPU
		{6423ED92-C107-4937-B605-AA0C9C232634}.Release|Any CPU.ActiveCfg = Debug|Any CPU
		{6423ED92-C107-4937-B605-AA0C9C232634}.Release|Any CPU.Build.0 = Debug|Any CPU
		{6423ED92-C107-4937-B605-AA0C9C232634}.Release|Mixed Platforms.ActiveCfg = Debug|Any CPU
		{6423ED92-C107-4937-B605-AA0C9C232634}.Release|Mixed Platforms.Build.0 = Debug|Any CPU
		{6423ED92-C107-4937-B605-AA0C9C232634}.Release|x86.ActiveCfg = Debug|Any CPU
	EndGlobalSection
	GlobalSection(SolutionProperties) = preSolution
		HideSolutionNode = FALSE
	EndGlobalSection
EndGlobal
